
Microsoft Visual Studio Solution File, Format Version 12.00
# Visual Studio Version 16
VisualStudioVersion = 16.0.29728.190
MinimumVisualStudioVersion = 10.0.40219.1
Project("{FAE04EC0-301F-11D3-BF4B-00C04F79EFBC}") = "APM Meter", "APM Meter\APM Meter.csproj", "{4DB7909A-1141-4431-BF1E-65147E06677F}"
EndProject
Global
	GlobalSection(SolutionConfigurationPlatforms) = preSolution
		Debug|Any CPU = Debug|Any CPU
		Release|Any CPU = Release|Any CPU
	EndGlobalSection
	GlobalSection(ProjectConfigurationPlatforms) = postSolution
		{4DB7909A-1141-4431-BF1E-65147E06677F}.Debug|Any CPU.ActiveCfg = Debug|Any CPU
		{4DB7909A-1141-4431-BF1E-65147E06677F}.Debug|Any CPU.Build.0 = Debug|Any CPU
		{4DB7909A-1141-4431-BF1E-65147E06677F}.Release|Any CPU.ActiveCfg = Release|Any CPU
		{4DB7909A-1141-4431-BF1E-65147E06677F}.Release|Any CPU.Build.0 = Release|Any CPU
	EndGlobalSection
	GlobalSection(SolutionProperties) = preSolution
		HideSolutionNode = FALSE
	EndGlobalSection
	GlobalSection(ExtensibilityGlobals) = postSolution
		SolutionGuid = {4BB20B15-4BDF-4679-AD53-2E15B8D11DCD}
	EndGlobalSection
EndGlobal
